// !$*UTF8*$!
{
	archiveVersion = 1;
	classes = {
	};
	objectVersion = 48;
	objects = {

/* Begin PBXBuildFile section */
		48F96CB021097CD400C5D995 /* AppDelegate.swift in Sources */ = {isa = PBXBuildFile; fileRef = 48F96CAF21097CD400C5D995 /* AppDelegate.swift */; };
		48F96CB221097CD400C5D995 /* LocationViewController.swift in Sources */ = {isa = PBXBuildFile; fileRef = 48F96CB121097CD400C5D995 /* LocationViewController.swift */; };
		48F96CB521097CD400C5D995 /* Main.storyboard in Resources */ = {isa = PBXBuildFile; fileRef = 48F96CB321097CD400C5D995 /* Main.storyboard */; };
		48F96CB721097CD400C5D995 /* Assets.xcassets in Resources */ = {isa = PBXBuildFile; fileRef = 48F96CB621097CD400C5D995 /* Assets.xcassets */; };
		48F96CBA21097CD400C5D995 /* LaunchScreen.storyboard in Resources */ = {isa = PBXBuildFile; fileRef = 48F96CB821097CD400C5D995 /* LaunchScreen.storyboard */; };
/* End PBXBuildFile section */

/* Begin PBXFileReference section */
		48F96CAC21097CD400C5D995 /* ExChanger.app */ = {isa = PBXFileReference; explicitFileType = wrapper.application; includeInIndex = 0; path = ExChanger.app; sourceTree = BUILT_PRODUCTS_DIR; };
		48F96CAF21097CD400C5D995 /* AppDelegate.swift */ = {isa = PBXFileReference; lastKnownFileType = sourcecode.swift; path = AppDelegate.swift; sourceTree = "<group>"; };
		48F96CB121097CD400C5D995 /* LocationViewController.swift */ = {isa = PBXFileReference; lastKnownFileType = sourcecode.swift; path = LocationViewController.swift; sourceTree = "<group>"; };
		48F96CB421097CD400C5D995 /* Base */ = {isa = PBXFileReference; lastKnownFileType = file.storyboard; name = Base; path = Base.lproj/Main.storyboard; sourceTree = "<group>"; };
		48F96CB621097CD400C5D995 /* Assets.xcassets */ = {isa = PBXFileReference; lastKnownFileType = folder.assetcatalog; path = Assets.xcassets; sourceTree = "<group>"; };
		48F96CB921097CD400C5D995 /* Base */ = {isa = PBXFileReference; lastKnownFileType = file.storyboard; name = Base; path = Base.lproj/LaunchScreen.storyboard; sourceTree = "<group>"; };
		48F96CBB21097CD400C5D995 /* Info.plist */ = {isa = PBXFileReference; lastKnownFileType = text.plist.xml; path = Info.plist; sourceTree = "<group>"; };
/* End PBXFileReference section */

/* Begin PBXFrameworksBuildPhase section */
		48F96CA921097CD400C5D995 /* Frameworks */ = {
			isa = PBXFrameworksBuildPhase;
			buildActionMask = 2147483647;
			files = (
			);
			runOnlyForDeploymentPostprocessing = 0;
		};
/* End PBXFrameworksBuildPhase section */

/* Begin PBXGroup section */
		48F96CA321097CD400C5D995 = {
			isa = PBXGroup;
			children = (
				48F96CAE21097CD400C5D995 /* ExChanger */,
				48F96CAD21097CD400C5D995 /* Products */,
			);
			sourceTree = "<group>";
		};
		48F96CAD21097CD400C5D995 /* Products */ = {
			isa = PBXGroup;
			children = (
				48F96CAC21097CD400C5D995 /* ExChanger.app */,
			);
			name = Products;
			sourceTree = "<group>";
		};
		48F96CAE21097CD400C5D995 /* ExChanger */ = {
			isa = PBXGroup;
			children = (
				48F96CD92109A27900C5D995 /* Model */,
				48F96CD82109A26D00C5D995 /* View */,
				48F96CD72109A23E00C5D995 /* Controller */,
				48F96CAF21097CD400C5D995 /* AppDelegate.swift */,
				48F96CB321097CD400C5D995 /* Main.storyboard */,
				48F96CB621097CD400C5D995 /* Assets.xcassets */,
				48F96CB821097CD400C5D995 /* LaunchScreen.storyboard */,
				48F96CBB21097CD400C5D995 /* Info.plist */,
			);
			path = ExChanger;
			sourceTree = "<group>";
		};
		48F96CD72109A23E00C5D995 /* Controller */ = {
			isa = PBXGroup;
			children = (
				48F96CB121097CD400C5D995 /* LocationViewController.swift */,
			);
			path = Controller;
			sourceTree = "<group>";
		};
		48F96CD82109A26D00C5D995 /* View */ = {
			isa = PBXGroup;
			children = (
			);
			path = View;
			sourceTree = "<group>";
		};
		48F96CD92109A27900C5D995 /* Model */ = {
			isa = PBXGroup;
			children = (
			);
			path = Model;
			sourceTree = "<group>";
		};
/* End PBXGroup section */

/* Begin PBXNativeTarget section */
		48F96CAB21097CD400C5D995 /* ExChanger */ = {
			isa = PBXNativeTarget;
			buildConfigurationList = 48F96CBE21097CD400C5D995 /* Build configuration list for PBXNativeTarget "ExChanger" */;
			buildPhases = (
				48F96CA821097CD400C5D995 /* Sources */,
				48F96CA921097CD400C5D995 /* Frameworks */,
				48F96CAA21097CD400C5D995 /* Resources */,
			);
			buildRules = (
			);
			dependencies = (
			);
			name = ExChanger;
			productName = ExChanger;
			productReference = 48F96CAC21097CD400C5D995 /* ExChanger.app */;
			productType = "com.apple.product-type.application";
		};
/* End PBXNativeTarget section */

/* Begin PBXProject section */
		48F96CA421097CD400C5D995 /* Project object */ = {
			isa = PBXProject;
			attributes = {
				LastSwiftUpdateCheck = 0920;
				LastUpgradeCheck = 0920;
				ORGANIZATIONNAME = HungNV;
				TargetAttributes = {
					48F96CAB21097CD400C5D995 = {
						CreatedOnToolsVersion = 9.2;
						ProvisioningStyle = Automatic;
					};
				};
			};
			buildConfigurationList = 48F96CA721097CD400C5D995 /* Build configuration list for PBXProject "ExChanger" */;
			compatibilityVersion = "Xcode 8.0";
			developmentRegion = en;
			hasScannedForEncodings = 0;
			knownRegions = (
				en,
				Base,
			);
			mainGroup = 48F96CA321097CD400C5D995;
			productRefGroup = 48F96CAD21097CD400C5D995 /* Products */;
			projectDirPath = "";
			projectRoot = "";
			targets = (
				48F96CAB21097CD400C5D995 /* ExChanger */,
			);
		};
/* End PBXProject section */

/* Begin PBXResourcesBuildPhase section */
		48F96CAA21097CD400C5D995 /* Resources */ = {
			isa = PBXResourcesBuildPhase;
			buildActionMask = 2147483647;
			files = (
				48F96CBA21097CD400C5D995 /* LaunchScreen.storyboard in Resources */,
				48F96CB721097CD400C5D995 /* Assets.xcassets in Resources */,
				48F96CB521097CD400C5D995 /* Main.storyboard in Resources */,
			);
			runOnlyForDeploymentPostprocessing = 0;
		};
/* End PBXResourcesBuildPhase section */

/* Begin PBXSourcesBuildPhase section */
		48F96CA821097CD400C5D995 /* Sources */ = {
			isa = PBXSourcesBuildPhase;
			buildActionMask = 2147483647;
			files = (
				48F96CB221097CD400C5D995 /* LocationViewController.swift in Sources */,
				48F96CB021097CD400C5D995 /* AppDelegate.swift in Sources */,
			);
			runOnlyForDeploymentPostprocessing = 0;
		};
/* End PBXSourcesBuildPhase section */

/* Begin PBXVariantGroup section */
		48F96CB321097CD400C5D995 /* Main.storyboard */ = {
			isa = PBXVariantGroup;
			children = (
				48F96CB421097CD400C5D995 /* Base */,
			);
			name = Main.storyboard;
			sourceTree = "<group>";
		};
		48F96CB821097CD400C5D995 /* LaunchScreen.storyboard */ = {
			isa = PBXVariantGroup;
			children = (
				48F96CB921097CD400C5D995 /* Base */,
			);
			name = LaunchScreen.storyboard;
			sourceTree = "<group>";
		};
/* End PBXVariantGroup section */

/* Begin XCBuildConfiguration section */
		48F96CBC21097CD400C5D995 /* Debug */ = {
			isa = XCBuildConfiguration;
			buildSettings = {
				ALWAYS_SEARCH_USER_PATHS = NO;
				CLANG_ANALYZER_NONNULL = YES;
				CLANG_ANALYZER_NUMBER_OBJECT_CONVERSION = YES_AGGRESSIVE;
				CLANG_CXX_LANGUAGE_STANDARD = "gnu++14";
				CLANG_CXX_LIBRARY = "libc++";
				CLANG_ENABLE_MODULES = YES;
				CLANG_ENABLE_OBJC_ARC = YES;
				CLANG_WARN_BLOCK_CAPTURE_AUTORELEASING = YES;
				CLANG_WARN_BOOL_CONVERSION = YES;
				CLANG_WARN_COMMA = YES;
				CLANG_WARN_CONSTANT_CONVERSION = YES;
				CLANG_WARN_DIRECT_OBJC_ISA_USAGE = YES_ERROR;
				CLANG_WARN_DOCUMENTATION_COMMENTS = YES;
				CLANG_WARN_EMPTY_BODY = YES;
				CLANG_WARN_ENUM_CONVERSION = YES;
				CLANG_WARN_INFINITE_RECURSION = YES;
				CLANG_WARN_INT_CONVERSION = YES;
				CLANG_WARN_NON_LITERAL_NULL_CONVERSION = YES;
				CLANG_WARN_OBJC_LITERAL_CONVERSION = YES;
				CLANG_WARN_OBJC_ROOT_CLASS = YES_ERROR;
				CLANG_WARN_RANGE_LOOP_ANALYSIS = YES;
				CLANG_WARN_STRICT_PROTOTYPES = YES;
				CLANG_WARN_SUSPICIOUS_MOVE = YES;
				CLANG_WARN_UNGUARDED_AVAILABILITY = YES_AGGRESSIVE;
				CLANG_WARN_UNREACHABLE_CODE = YES;
				CLANG_WARN__DUPLICATE_METHOD_MATCH = YES;
				CODE_SIGN_IDENTITY = "iPhone Developer";
				COPY_PHASE_STRIP = NO;
				DEBUG_INFORMATION_FORMAT = dwarf;
				ENABLE_STRICT_OBJC_MSGSEND = YES;
				ENABLE_TESTABILITY = YES;
				GCC_C_LANGUAGE_STANDARD = gnu11;
				GCC_DYNAMIC_NO_PIC = NO;
				GCC_NO_COMMON_BLOCKS = YES;
				GCC_OPTIMIZATION_LEVEL = 0;
				GCC_PREPROCESSOR_DEFINITIONS = (
					"DEBUG=1",
					"$(inherited)",
				);
				GCC_WARN_64_TO_32_BIT_CONVERSION = YES;
				GCC_WARN_ABOUT_RETURN_TYPE = YES_ERROR;
				GCC_WARN_UNDECLARED_SELECTOR = YES;
				GCC_WARN_UNINITIALIZED_AUTOS = YES_AGGRESSIVE;
				GCC_WARN_UNUSED_FUNCTION = YES;
				GCC_WARN_UNUSED_VARIABLE = YES;
				IPHONEOS_DEPLOYMENT_TARGET = 11.2;
				MTL_ENABLE_DEBUG_INFO = YES;
				ONLY_ACTIVE_ARCH = YES;
				SDKROOT = iphoneos;
				SWIFT_ACTIVE_COMPILATION_CONDITIONS = DEBUG;
				SWIFT_OPTIMIZATION_LEVEL = "-Onone";
			};
			name = Debug;
		};
		48F96CBD21097CD400C5D995 /* Release */ = {
			isa = XCBuildConfiguration;
			buildSettings = {
				ALWAYS_SEARCH_USER_PATHS = NO;
				CLANG_ANALYZER_NONNULL = YES;
				CLANG_ANALYZER_NUMBER_OBJECT_CONVERSION = YES_AGGRESSIVE;
				CLANG_CXX_LANGUAGE_STANDARD = "gnu++14";
				CLANG_CXX_LIBRARY = "libc++";
				CLANG_ENABLE_MODULES = YES;
				CLANG_ENABLE_OBJC_ARC = YES;
				CLANG_WARN_BLOCK_CAPTURE_AUTORELEASING = YES;
				CLANG_WARN_BOOL_CONVERSION = YES;
				CLANG_WARN_COMMA = YES;
				CLANG_WARN_CONSTANT_CONVERSION = YES;
				CLANG_WARN_DIRECT_OBJC_ISA_USAGE = YES_ERROR;
				CLANG_WARN_DOCUMENTATION_COMMENTS = YES;
				CLANG_WARN_EMPTY_BODY = YES;
				CLANG_WARN_ENUM_CONVERSION = YES;
				CLANG_WARN_INFINITE_RECURSION = YES;
				CLANG_WARN_INT_CONVERSION = YES;
				CLANG_WARN_NON_LITERAL_NULL_CONVERSION = YES;
				CLANG_WARN_OBJC_LITERAL_CONVERSION = YES;
				CLANG_WARN_OBJC_ROOT_CLASS = YES_ERROR;
				CLANG_WARN_RANGE_LOOP_ANALYSIS = YES;
				CLANG_WARN_STRICT_PROTOTYPES = YES;
				CLANG_WARN_SUSPICIOUS_MOVE = YES;
				CLANG_WARN_UNGUARDED_AVAILABILITY = YES_AGGRESSIVE;
				CLANG_WARN_UNREACHABLE_CODE = YES;
				CLANG_WARN__DUPLICATE_METHOD_MATCH = YES;
				CODE_SIGN_IDENTITY = "iPhone Developer";
				COPY_PHASE_STRIP = NO;
				DEBUG_INFORMATION_FORMAT = "dwarf-with-dsym";
				ENABLE_NS_ASSERTIONS = NO;
				ENABLE_STRICT_OBJC_MSGSEND = YES;
				GCC_C_LANGUAGE_STANDARD = gnu11;
				GCC_NO_COMMON_BLOCKS = YES;
				GCC_WARN_64_TO_32_BIT_CONVERSION = YES;
				GCC_WARN_ABOUT_RETURN_TYPE = YES_ERROR;
				GCC_WARN_UNDECLARED_SELECTOR = YES;
				GCC_WARN_UNINITIALIZED_AUTOS = YES_AGGRESSIVE;
				GCC_WARN_UNUSED_FUNCTION = YES;
				GCC_WARN_UNUSED_VARIABLE = YES;
				IPHONEOS_DEPLOYMENT_TARGET = 11.2;
				MTL_ENABLE_DEBUG_INFO = NO;
				SDKROOT = iphoneos;
				SWIFT_OPTIMIZATION_LEVEL = "-Owholemodule";
				VALIDATE_PRODUCT = YES;
			};
			name = Release;
		};
		48F96CBF21097CD400C5D995 /* Debug */ = {
			isa = XCBuildConfiguration;
			buildSettings = {
				ASSETCATALOG_COMPILER_APPICON_NAME = AppIcon;
				CODE_SIGN_STYLE = Automatic;
				DEVELOPMENT_TEAM = WN9FR2WF7Q;
				INFOPLIST_FILE = ExChanger/Info.plist;
				IPHONEOS_DEPLOYMENT_TARGET = 10.0;
				LD_RUNPATH_SEARCH_PATHS = "$(inherited) @executable_path/Frameworks";
				PRODUCT_BUNDLE_IDENTIFIER = io.github.vfahungnv.exchanger;
				PRODUCT_NAME = "$(TARGET_NAME)";
				SWIFT_VERSION = 4.0;
				TARGETED_DEVICE_FAMILY = "1,2";
			};
			name = Debug;
		};
		48F96CC021097CD400C5D995 /* Release */ = {
			isa = XCBuildConfiguration;
			buildSettings = {
				ASSETCATALOG_COMPILER_APPICON_NAME = AppIcon;
				CODE_SIGN_STYLE = Automatic;
				DEVELOPMENT_TEAM = WN9FR2WF7Q;
				INFOPLIST_FILE = ExChanger/Info.plist;
				IPHONEOS_DEPLOYMENT_TARGET = 10.0;
				LD_RUNPATH_SEARCH_PATHS = "$(inherited) @executable_path/Frameworks";
				PRODUCT_BUNDLE_IDENTIFIER = io.github.vfahungnv.exchanger;
				PRODUCT_NAME = "$(TARGET_NAME)";
				SWIFT_VERSION = 4.0;
				TARGETED_DEVICE_FAMILY = "1,2";
			};
			name = Release;
		};
/* End XCBuildConfiguration section */

/* Begin XCConfigurationList section */
		48F96CA721097CD400C5D995 /* Build configuration list for PBXProject "ExChanger" */ = {
			isa = XCConfigurationList;
			buildConfigurations = (
				48F96CBC21097CD400C5D995 /* Debug */,
				48F96CBD21097CD400C5D995 /* Release */,
			);
			defaultConfigurationIsVisible = 0;
			defaultConfigurationName = Release;
		};
		48F96CBE21097CD400C5D995 /* Build configuration list for PBXNativeTarget "ExChanger" */ = {
			isa = XCConfigurationList;
			buildConfigurations = (
				48F96CBF21097CD400C5D995 /* Debug */,
				48F96CC021097CD400C5D995 /* Release */,
			);
			defaultConfigurationIsVisible = 0;
			defaultConfigurationName = Release;
		};
/* End XCConfigurationList section */
	};
	rootObject = 48F96CA421097CD400C5D995 /* Project object */;
}
